
Microsoft Visual Studio Solution File, Format Version 12.00
# Visual Studio Version 17
VisualStudioVersion = 17.11.35327.3
MinimumVisualStudioVersion = 10.0.40219.1
Project("{FAE04EC0-301F-11D3-BF4B-00C04F79EFBC}") = "Person", "Person\Person.csproj", "{B1B96E00-8984-4C5E-9952-8E33F406DB10}"
EndProject
Global
	GlobalSection(SolutionConfigurationPlatforms) = preSolution
		Debug|Any CPU = Debug|Any CPU
		Release|Any CPU = Release|Any CPU
	EndGlobalSection
	GlobalSection(ProjectConfigurationPlatforms) = postSolution
		{B1B96E00-8984-4C5E-9952-8E33F406DB10}.Debug|Any CPU.ActiveCfg = Debug|Any CPU
		{B1B96E00-8984-4C5E-9952-8E33F406DB10}.Debug|Any CPU.Build.0 = Debug|Any CPU
		{B1B96E00-8984-4C5E-9952-8E33F406DB10}.Release|Any CPU.ActiveCfg = Release|Any CPU
		{B1B96E00-8984-4C5E-9952-8E33F406DB10}.Release|Any CPU.Build.0 = Release|Any CPU
	EndGlobalSection
	GlobalSection(SolutionProperties) = preSolution
		HideSolutionNode = FALSE
	EndGlobalSection
	GlobalSection(ExtensibilityGlobals) = postSolution
		SolutionGuid = {84EEA104-9527-4400-9CBF-B094B8DD3AD8}
	EndGlobalSection
EndGlobal
